
Microsoft Visual Studio Solution File, Format Version 12.00
# Visual Studio 15
VisualStudioVersion = 15.0.27004.2010
MinimumVisualStudioVersion = 10.0.40219.1
Project("{9A19103F-16F7-4668-BE54-9A1E7A4F7556}") = "JsonQueryable", "JsonQueryable\JsonQueryable.csproj", "{AD2C81E2-3F90-4F3E-94ED-5250EA4EA41B}"
EndProject
Project("{9A19103F-16F7-4668-BE54-9A1E7A4F7556}") = "JsonQueryable.Filters", "JsonQueryable.Filters\JsonQueryable.Filters.csproj", "{3E21DCC0-7AE9-4ABE-AE52-874A20C30F10}"
EndProject
Project("{9A19103F-16F7-4668-BE54-9A1E7A4F7556}") = "JsonQueryable.Filters.Tests", "JsonQueryable.Filters.Tests\JsonQueryable.Filters.Tests.csproj", "{0E4147E1-3499-4C71-B30D-F4822BB9E62A}"
EndProject
Global
	GlobalSection(SolutionConfigurationPlatforms) = preSolution
		Debug|Any CPU = Debug|Any CPU
		Release|Any CPU = Release|Any CPU
	EndGlobalSection
	GlobalSection(ProjectConfigurationPlatforms) = postSolution
		{AD2C81E2-3F90-4F3E-94ED-5250EA4EA41B}.Debug|Any CPU.ActiveCfg = Debug|Any CPU
		{AD2C81E2-3F90-4F3E-94ED-5250EA4EA41B}.Debug|Any CPU.Build.0 = Debug|Any CPU
		{AD2C81E2-3F90-4F3E-94ED-5250EA4EA41B}.Release|Any CPU.ActiveCfg = Release|Any CPU
		{AD2C81E2-3F90-4F3E-94ED-5250EA4EA41B}.Release|Any CPU.Build.0 = Release|Any CPU
		{3E21DCC0-7AE9-4ABE-AE52-874A20C30F10}.Debug|Any CPU.ActiveCfg = Debug|Any CPU
		{3E21DCC0-7AE9-4ABE-AE52-874A20C30F10}.Debug|Any CPU.Build.0 = Debug|Any CPU
		{3E21DCC0-7AE9-4ABE-AE52-874A20C30F10}.Release|Any CPU.ActiveCfg = Release|Any CPU
		{3E21DCC0-7AE9-4ABE-AE52-874A20C30F10}.Release|Any CPU.Build.0 = Release|Any CPU
		{0E4147E1-3499-4C71-B30D-F4822BB9E62A}.Debug|Any CPU.ActiveCfg = Debug|Any CPU
		{0E4147E1-3499-4C71-B30D-F4822BB9E62A}.Debug|Any CPU.Build.0 = Debug|Any CPU
		{0E4147E1-3499-4C71-B30D-F4822BB9E62A}.Release|Any CPU.ActiveCfg = Release|Any CPU
		{0E4147E1-3499-4C71-B30D-F4822BB9E62A}.Release|Any CPU.Build.0 = Release|Any CPU
	EndGlobalSection
	GlobalSection(SolutionProperties) = preSolution
		HideSolutionNode = FALSE
	EndGlobalSection
	GlobalSection(ExtensibilityGlobals) = postSolution
		SolutionGuid = {B1F0BA1E-992A-4F49-98BE-665F6CB6C273}
	EndGlobalSection
EndGlobal
